
Microsoft Visual Studio Solution File, Format Version 12.00
# Visual Studio Version 17
VisualStudioVersion = 17.9.34616.47
MinimumVisualStudioVersion = 10.0.40219.1
Project("{8BC9CEB8-8B4A-11D0-8D11-00A0C91BC942}") = "Практика 3", "Практика 3\Практика 3.vcxproj", "{8A1D0A3E-9CEB-46FF-A098-0C6DF7EDE606}"
EndProject
Global
	GlobalSection(SolutionConfigurationPlatforms) = preSolution
		Debug|x64 = Debug|x64
		Debug|x86 = Debug|x86
		Release|x64 = Release|x64
		Release|x86 = Release|x86
	EndGlobalSection
	GlobalSection(ProjectConfigurationPlatforms) = postSolution
		{8A1D0A3E-9CEB-46FF-A098-0C6DF7EDE606}.Debug|x64.ActiveCfg = Debug|x64
		{8A1D0A3E-9CEB-46FF-A098-0C6DF7EDE606}.Debug|x64.Build.0 = Debug|x64
		{8A1D0A3E-9CEB-46FF-A098-0C6DF7EDE606}.Debug|x86.ActiveCfg = Debug|Win32
		{8A1D0A3E-9CEB-46FF-A098-0C6DF7EDE606}.Debug|x86.Build.0 = Debug|Win32
		{8A1D0A3E-9CEB-46FF-A098-0C6DF7EDE606}.Release|x64.ActiveCfg = Release|x64
		{8A1D0A3E-9CEB-46FF-A098-0C6DF7EDE606}.Release|x64.Build.0 = Release|x64
		{8A1D0A3E-9CEB-46FF-A098-0C6DF7EDE606}.Release|x86.ActiveCfg = Release|Win32
		{8A1D0A3E-9CEB-46FF-A098-0C6DF7EDE606}.Release|x86.Build.0 = Release|Win32
	EndGlobalSection
	GlobalSection(SolutionProperties) = preSolution
		HideSolutionNode = FALSE
	EndGlobalSection
	GlobalSection(ExtensibilityGlobals) = postSolution
		SolutionGuid = {B113BAF9-2CCA-45B3-BF1F-AEC77C5E8B57}
	EndGlobalSection
EndGlobal
